{
  "name": "decide-json-to-eli-service",
  "version": "0.0.1",
  "lockfileVersion": 3,
  "requires": true,
  "packages": {
    "": {
      "name": "decide-json-to-eli-service",
      "version": "0.0.1",
      "license": "MIT",
      "devDependencies": {
        "mu-types": "git+https://github.com/rahien/mu-types.git"
      }
    },
    "node_modules/mu-types": {
      "version": "1.8.0",
      "resolved": "git+ssh://git@github.com/rahien/mu-types.git#75af6f52e66c521485aad7e00b1b16bc4cd50c04",
      "dev": true,
      "license": "MIT"
    }
  }
}
